#MicroXplorer Configuration settings - do not modify
CAD.formats=
CAD.pinconfig=
CAD.provider=
File.Version=6
GPIO.groupedBy=Group By Peripherals
KeepUserPlacement=false
Mcu.CPN=STM32WB05KZV6TR
Mcu.Family=STM32WB0
Mcu.IP0=CORTEX_M0+
Mcu.IP1=NVIC
Mcu.IP2=PWR
Mcu.IP3=RADIO
Mcu.IP4=RADIO_TIMER
Mcu.IP5=RCC
Mcu.IP6=SYS
Mcu.IP7=USART1
Mcu.IPNb=8
Mcu.Name=STM32WB05KZVx
Mcu.Package=VFQFPN32
Mcu.Pin0=PB0
Mcu.Pin1=PA1
Mcu.Pin2=RF1
Mcu.Pin3=OSCOUT
Mcu.Pin4=OSCIN
Mcu.Pin5=PB13
Mcu.Pin6=PB12
Mcu.Pin7=VP_PWR_VS_SECSignals
Mcu.Pin8=VP_RADIO_TIMER_VS_RADIO
Mcu.Pin9=VP_SYS_VS_Systick
Mcu.PinsNb=10
Mcu.ThirdPartyNb=0
Mcu.UserConstants=
Mcu.UserName=STM32WB05KZVx
MxCube.Version=6.13.0
MxDb.Version=DB.6.0.130
NVIC.ForceEnableDMAVector=true
NVIC.HardFault_IRQn=true\:0\:0\:false\:false\:true\:false\:false\:false
NVIC.NonMaskableInt_IRQn=true\:0\:0\:false\:false\:true\:false\:false\:false
NVIC.PendSV_IRQn=true\:0\:0\:false\:false\:true\:false\:false\:false
NVIC.RADIO_TIMER_CPU_WKUP_IRQn=true\:0\:0\:false\:false\:true\:false\:true\:true
NVIC.RADIO_TIMER_ERROR_IRQn=true\:0\:0\:false\:false\:true\:false\:true\:true
NVIC.RADIO_TXRX_IRQn=true\:0\:0\:false\:false\:true\:true\:true\:true
NVIC.RADIO_TXRX_SEQ_IRQn=true\:0\:0\:false\:false\:true\:false\:true\:true
NVIC.SVCall_IRQn=true\:0\:0\:false\:false\:true\:false\:false\:false
NVIC.SysTick_IRQn=true\:3\:0\:false\:false\:true\:false\:true\:false
NVIC.USART1_IRQn=true\:1\:0\:true\:false\:true\:true\:false\:true
OSCIN.Mode=HSE-External-Oscillator
OSCIN.Signal=RCC_OSC_IN
OSCOUT.Mode=HSE-External-Oscillator
OSCOUT.Signal=RCC_OSC_OUT
PA1.Mode=Asynchronous
PA1.Signal=USART1_TX
PB0.Mode=Asynchronous
PB0.Signal=USART1_RX
PB12.Mode=LSE-External-Oscillator
PB12.Signal=RCC_OSC32_OUT
PB13.Mode=LSE-External-Oscillator
PB13.Signal=RCC_OSC32_IN
PinOutPanel.RotationAngle=0
ProjectManager.AskForMigrate=true
ProjectManager.BackupPrevious=false
ProjectManager.CompilerOptimize=6
ProjectManager.ComputerToolchain=false
ProjectManager.CoupleFile=false
ProjectManager.DeletePrevious=true
ProjectManager.DeviceId=STM32WB05KZVx
ProjectManager.FreePins=false
ProjectManager.HalAssertFull=false
ProjectManager.HeapSize=0x000
ProjectManager.KeepUserCode=true
ProjectManager.LastFirmware=true
ProjectManager.LibraryCopy=2
ProjectManager.MainLocation=Src
ProjectManager.NoMain=false
ProjectManager.PreviousToolchain=
ProjectManager.ProjectBuild=false
ProjectManager.ProjectFileName=RADIO_Skeleton.ioc
ProjectManager.ProjectName=RADIO_Skeleton
ProjectManager.ProjectStructure=
ProjectManager.RegisterCallBack=
ProjectManager.StackSize=0xC00
ProjectManager.TargetToolchain=EWARM V9.30
ProjectManager.ToolChainLocation=
ProjectManager.UAScriptAfterPath=
ProjectManager.UAScriptBeforePath=
ProjectManager.UnderRoot=false
ProjectManager.functionlistsort=1-SystemClock_Config-RCC-false-HAL-false,2-MX_GPIO_Init-GPIO-false-HAL-true,3-MX_RADIO_Init-RADIO-false-HAL-true,4-MX_RADIO_TIMER_Init-RADIO_TIMER-false-HAL-true,false-5-MX_USART1_UART_Init-USART1-false-HAL-true,0-MX_PWR_Init-PWR-false-HAL-true,0-MX_CORTEX_M0+_Init-CORTEX_M0+-false-HAL-true
RADIO_TIMER.IPParameters=enableInitialCalibration,periodicCalibrationInterval
RADIO_TIMER.enableInitialCalibration=FALSE
RADIO_TIMER.periodicCalibrationInterval=0
RCC.BLEFreq_VALUE=16000000
RCC.BLEMultSource=RCC_RF_CLK_16M
RCC.CLKI2S3Freq_VALUE=64000000
RCC.CLKSYSFreq_VALUE=32000000
RCC.ClkSMPSFreq_VALUE=4000000
RCC.FamilyName=M
RCC.HSE_VALUE=32000000
RCC.HSI_VALUE=64000000
RCC.IPParameters=BLEFreq_VALUE,BLEMultSource,CLKI2S3Freq_VALUE,CLKSYSFreq_VALUE,ClkSMPSFreq_VALUE,FamilyName,HSE_VALUE,HSI_VALUE,LPUARTFreq_VALUE,LSCOPinFreq_Value,LSE_Timout,LSI_VALUE,MCO1PinFreq_Value,RC64MPLLSource,RTCClockSelection,RTCFreq_Value,SYSCLK64Divider,SysCLKFreq_VALUE
RCC.LPUARTFreq_VALUE=16000000
RCC.LSCOPinFreq_Value=32000
RCC.LSE_Timout=100
RCC.LSI_VALUE=32000
RCC.MCO1PinFreq_Value=32000000
RCC.RC64MPLLSource=RCC_LSCOSOURCE_PLL64
RCC.RTCClockSelection=RCC_RTC_WDG_BLEWKUP_CLKSOURCE_LSE
RCC.RTCFreq_Value=32768
RCC.SYSCLK64Divider=RCC_RC64MPLL_DIV2
RCC.SysCLKFreq_VALUE=64000000
RF1.Mode=RF1_Activate
RF1.Signal=RADIO_RF1
USART1.FIFOMode=FIFOMODE_ENABLE
USART1.IPParameters=VirtualMode-Asynchronous,FIFOMode,OverSampling
USART1.OverSampling=UART_OVERSAMPLING_8
USART1.VirtualMode-Asynchronous=VM_ASYNC
VP_PWR_VS_SECSignals.Mode=Security/Privilege
VP_PWR_VS_SECSignals.Signal=PWR_VS_SECSignals
VP_RADIO_TIMER_VS_RADIO.Mode=RADIO_Activate
VP_RADIO_TIMER_VS_RADIO.Signal=RADIO_TIMER_VS_RADIO
VP_SYS_VS_Systick.Mode=SysTick
VP_SYS_VS_Systick.Signal=SYS_VS_Systick
board=custom
ProjectManager.Example=RADIO_Skeleton
ProjectManager.ExampleSource=CubeFw
