#MicroXplorer Configuration settings - do not modify
CAD.formats=
CAD.pinconfig=
CAD.provider=
File.Version=6
GPIO.groupedBy=Group By Peripherals
KeepUserPlacement=true
MMTAppRegionsCount=0
MMTConfigApplied=false
Mcu.CPN=STM32WB05KZV6TR
Mcu.Family=STM32WB0
Mcu.IP0=CORTEX_M0+
Mcu.IP1=MEMORYMAP
Mcu.IP2=NVIC
Mcu.IP3=PKA
Mcu.IP4=PWR
Mcu.IP5=RCC
Mcu.IP6=RNG
Mcu.IP7=SYS
Mcu.IPNb=8
Mcu.Name=STM32WB05KZVx
Mcu.Package=VFQFPN32
Mcu.Pin0=PB1
Mcu.Pin1=OSCOUT
Mcu.Pin2=OSCIN
Mcu.Pin3=VP_PKA_VS_PKA
Mcu.Pin4=VP_PWR_VS_SECSignals
Mcu.Pin5=VP_RNG_VS_RNG
Mcu.Pin6=VP_SYS_VS_Systick
Mcu.Pin7=VP_MEMORYMAP_VS_MEMORYMAP
Mcu.PinsNb=8
Mcu.ThirdPartyNb=0
Mcu.UserConstants=
Mcu.UserName=STM32WB05KZVx
MxCube.Version=6.13.0
MxDb.Version=DB.6.0.130
NVIC.ForceEnableDMAVector=true
NVIC.HardFault_IRQn=true\:0\:0\:false\:false\:true\:false\:false\:false
NVIC.NonMaskableInt_IRQn=true\:0\:0\:false\:false\:true\:false\:false\:false
NVIC.PKA_IRQn=true\:0\:0\:false\:false\:true\:true\:true\:true
NVIC.PendSV_IRQn=true\:0\:0\:false\:false\:true\:false\:false\:false
NVIC.SVCall_IRQn=true\:0\:0\:false\:false\:true\:false\:false\:false
NVIC.SysTick_IRQn=true\:0\:0\:false\:false\:true\:false\:true\:false
OSCIN.Mode=HSE-External-Oscillator
OSCIN.Signal=RCC_OSC_IN
OSCOUT.Mode=HSE-External-Oscillator
OSCOUT.Signal=RCC_OSC_OUT
PB1.GPIOParameters=GPIO_Label
PB1.GPIO_Label=LD1
PB1.Locked=true
PB1.Signal=GPIO_Output
PinOutPanel.RotationAngle=0
ProjectManager.AskForMigrate=true
ProjectManager.BackupPrevious=false
ProjectManager.CompilerOptimize=6
ProjectManager.ComputerToolchain=false
ProjectManager.CoupleFile=false
ProjectManager.DeletePrevious=true
ProjectManager.DeviceId=STM32WB05KZVx
ProjectManager.FreePins=false
ProjectManager.HalAssertFull=false
ProjectManager.HeapSize=0x200
ProjectManager.KeepUserCode=true
ProjectManager.LastFirmware=true
ProjectManager.LibraryCopy=2
ProjectManager.MainLocation=Src
ProjectManager.NoMain=false
ProjectManager.PreviousToolchain=
ProjectManager.ProjectBuild=false
ProjectManager.ProjectFileName=PKA_ECDSA_Sign.ioc
ProjectManager.ProjectName=PKA_ECDSA_Sign
ProjectManager.ProjectStructure=
ProjectManager.RegisterCallBack=
ProjectManager.StackSize=0x400
ProjectManager.TargetToolchain=EWARM V9.30
ProjectManager.ToolChainLocation=
ProjectManager.UAScriptAfterPath=
ProjectManager.UAScriptBeforePath=
ProjectManager.UnderRoot=false
ProjectManager.functionlistsort=1-MX_GPIO_Init-GPIO-false-LL-true,2-SystemClock_Config-RCC-false-LL-true,3-MX_RNG_Init-RNG-false-LL-true,4-MX_PKA_Init-PKA-false-LL-true,0-MX_CORTEX_M0+_Init-CORTEX_M0+-false-LL-true,0-MX_PWR_Init-PWR-false-LL-true
RCC.BLEFreq_VALUE=32000000
RCC.CLKI2S2Freq_VALUE=64000000
RCC.CLKI2S3Freq_VALUE=64000000
RCC.CLKSYSFreq_VALUE=64000000
RCC.Clk16MHzFreq_VALUE=16000000
RCC.Clk32MHzFreq_VALUE=32000000
RCC.ClkSMPSFreq_VALUE=4000000
RCC.FamilyName=M
RCC.HSE_Capacitor_Tuning=32
RCC.HSE_VALUE=32000000
RCC.HSI_VALUE=64000000
RCC.IPParameters=BLEFreq_VALUE,CLKI2S2Freq_VALUE,CLKI2S3Freq_VALUE,CLKSYSFreq_VALUE,Clk16MHzFreq_VALUE,Clk32MHzFreq_VALUE,ClkSMPSFreq_VALUE,FamilyName,HSE_Capacitor_Tuning,HSE_VALUE,HSI_VALUE,LPUARTFreq_VALUE,LSCOPinFreq_Value,LSE_VALUE,LSI_VALUE,MCO1PinFreq_Value,RC64MPLLSource,SysCLKFreq_VALUE
RCC.IPParametersWithoutCheck=HSE_Capacitor_Tuning
RCC.LPUARTFreq_VALUE=16000000
RCC.LSCOPinFreq_Value=32000
RCC.LSE_VALUE=32768
RCC.LSI_VALUE=32000
RCC.MCO1PinFreq_Value=64000000
RCC.RC64MPLLSource=RCC_LSCOSOURCE_PLL64
RCC.SysCLKFreq_VALUE=64000000
VP_MEMORYMAP_VS_MEMORYMAP.Mode=CurAppReg
VP_MEMORYMAP_VS_MEMORYMAP.Signal=MEMORYMAP_VS_MEMORYMAP
VP_PKA_VS_PKA.Mode=PKA_Activate
VP_PKA_VS_PKA.Signal=PKA_VS_PKA
VP_PWR_VS_SECSignals.Mode=Security/Privilege
VP_PWR_VS_SECSignals.Signal=PWR_VS_SECSignals
VP_RNG_VS_RNG.Mode=RNG_Activate
VP_RNG_VS_RNG.Signal=RNG_VS_RNG
VP_SYS_VS_Systick.Mode=SysTick
VP_SYS_VS_Systick.Signal=SYS_VS_Systick
board=custom
ProjectManager.Example=PKA_ECDSA_Sign
ProjectManager.ExampleSource=CubeFw
