#MicroXplorer Configuration settings - do not modify
CAD.formats=
CAD.pinconfig=
CAD.provider=
File.Version=6
GPIO.groupedBy=
KeepUserPlacement=false
MMTAppRegionsCount=0
MMTConfigApplied=false
Mcu.CPN=STM32WB09KEV6TR
Mcu.Family=STM32WB0
Mcu.IP0=ADV_TRACE
Mcu.IP1=COMMON_BLE
Mcu.IP10=RCC
Mcu.IP11=RNG
Mcu.IP12=SEQUENCER
Mcu.IP13=STM32_BLE
Mcu.IP14=SYS
Mcu.IP15=TINY_LPM
Mcu.IP16=USART1
Mcu.IP2=CORTEX_M0+
Mcu.IP3=MEMORYMAP
Mcu.IP4=MISC
Mcu.IP5=NVIC
Mcu.IP6=PKA
Mcu.IP7=PWR
Mcu.IP8=RADIO
Mcu.IP9=RADIO_TIMER
Mcu.IPNb=17
Mcu.Name=STM32WB09KEVx
Mcu.Package=VFQFPN32
Mcu.Pin0=PB0
Mcu.Pin1=PA1
Mcu.Pin10=VP_PKA_VS_PKA
Mcu.Pin11=VP_PWR_VS_SECSignals
Mcu.Pin12=VP_RADIO_TIMER_VS_RADIO
Mcu.Pin13=VP_RNG_VS_RNG
Mcu.Pin14=VP_SEQUENCER_VS_SEQUENCER
Mcu.Pin15=VP_STM32_BLE_VS_BLE_HOST_SP
Mcu.Pin16=VP_SYS_VS_Systick
Mcu.Pin17=VP_TINY_LPM_VS_TINY_LPM
Mcu.Pin18=VP_MEMORYMAP_VS_MEMORYMAP
Mcu.Pin2=RF1
Mcu.Pin3=OSCOUT
Mcu.Pin4=OSCIN
Mcu.Pin5=PB13
Mcu.Pin6=PB12
Mcu.Pin7=VP_ADV_TRACE_VS_ADV_TRACE
Mcu.Pin8=VP_COMMON_BLE_VS_Utility_Common_BLE_1.0.0_1.0.0
Mcu.Pin9=VP_MISC_VS_MISC
Mcu.PinsNb=19
Mcu.ThirdPartyNb=0
Mcu.UserConstants=
Mcu.UserName=STM32WB09KEVx
MxCube.Version=6.13.0
MxDb.Version=DB.6.0.130
NVIC.ForceEnableDMAVector=true
NVIC.HardFault_IRQn=true\:0\:0\:false\:false\:true\:false\:false\:false
NVIC.NonMaskableInt_IRQn=true\:0\:0\:false\:false\:true\:false\:false\:false
NVIC.PKA_IRQn=true\:1\:0\:true\:false\:true\:true\:true\:true
NVIC.PendSV_IRQn=true\:0\:0\:false\:false\:true\:false\:false\:false
NVIC.RADIO_TIMER_CPU_WKUP_IRQn=true\:0\:0\:false\:false\:true\:false\:true\:true
NVIC.RADIO_TIMER_ERROR_IRQn=true\:0\:0\:false\:false\:true\:false\:true\:true
NVIC.RADIO_TXRX_IRQn=true\:0\:0\:false\:false\:true\:false\:true\:true
NVIC.RADIO_TXRX_SEQ_IRQn=true\:0\:0\:false\:false\:true\:false\:true\:true
NVIC.SVCall_IRQn=true\:0\:0\:false\:false\:true\:false\:false\:false
NVIC.SysTick_IRQn=true\:3\:0\:false\:false\:true\:false\:true\:false
NVIC.USART1_IRQn=true\:1\:0\:true\:false\:true\:true\:false\:true
OSCIN.Mode=HSE-External-Oscillator
OSCIN.Signal=RCC_OSC_IN
OSCOUT.Mode=HSE-External-Oscillator
OSCOUT.Signal=RCC_OSC_OUT
PA1.Mode=Asynchronous
PA1.Signal=USART1_TX
PB0.Mode=Asynchronous
PB0.Signal=USART1_RX
PB12.Mode=LSE-External-Oscillator
PB12.Signal=RCC_OSC32_OUT
PB13.Mode=LSE-External-Oscillator
PB13.Signal=RCC_OSC32_IN
PWR.IPParameters=PWR_APC
PWR.PWR_APC=1
PinOutPanel.RotationAngle=0
ProjectManager.AskForMigrate=true
ProjectManager.BackupPrevious=false
ProjectManager.CompilerOptimize=6
ProjectManager.ComputerToolchain=false
ProjectManager.CoupleFile=false
ProjectManager.DeletePrevious=true
ProjectManager.DeviceId=STM32WB09KEVx
ProjectManager.Example=BLE_SerialCom_Peripheral
ProjectManager.ExampleSource=CubeFw
ProjectManager.FreePins=false
ProjectManager.HalAssertFull=false
ProjectManager.HeapSize=0x000
ProjectManager.KeepUserCode=true
ProjectManager.LastFirmware=true
ProjectManager.LibraryCopy=2
ProjectManager.MainLocation=Core/Src
ProjectManager.NoMain=false
ProjectManager.PreviousToolchain=
ProjectManager.ProjectBuild=false
ProjectManager.ProjectFileName=BLE_SerialCom_Peripheral.ioc
ProjectManager.ProjectName=BLE_SerialCom_Peripheral
ProjectManager.ProjectStructure=
ProjectManager.RegisterCallBack=
ProjectManager.StackSize=0xC00
ProjectManager.TargetToolchain=EWARM V9.30
ProjectManager.ToolChainLocation=
ProjectManager.UAScriptAfterPath=
ProjectManager.UAScriptBeforePath=
ProjectManager.UnderRoot=false
ProjectManager.functionlistsort=1-SystemClock_Config-RCC-false-HAL-false,2-MX_GPIO_Init-GPIO-false-HAL-true,false-3-MX_RNG_Init-RNG-false-HAL-true,4-MX_RADIO_Init-RADIO-false-HAL-true,5-MX_RADIO_TIMER_Init-RADIO_TIMER-false-HAL-true,6-MX_PKA_Init-PKA-false-HAL-true,7-APPE_Init-STM32_BLE-false-HAL-false,false-8-MX_USART1_UART_Init-USART1-false-HAL-true,0-MX_CORTEX_M0+_Init-CORTEX_M0+-false-HAL-true,0-MX_PWR_Init-PWR-false-HAL-true
RADIO_TIMER.IPParameters=enableInitialCalibration,periodicCalibrationInterval
RADIO_TIMER.enableInitialCalibration=FALSE
RADIO_TIMER.periodicCalibrationInterval=0
RCC.BLEFreq_VALUE=16000000
RCC.BLEMultSource=RCC_RF_CLK_16M
RCC.CLKI2S3Freq_VALUE=64000000
RCC.CLKSYSFreq_VALUE=32000000
RCC.ClkSMPSFreq_VALUE=4000000
RCC.FamilyName=M
RCC.HSE_VALUE=32000000
RCC.HSI_VALUE=64000000
RCC.IPParameters=BLEFreq_VALUE,BLEMultSource,CLKI2S3Freq_VALUE,CLKSYSFreq_VALUE,ClkSMPSFreq_VALUE,FamilyName,HSE_VALUE,HSI_VALUE,LPUARTFreq_VALUE,LSCOPinFreq_Value,LSE_Drive_Capability,LSE_Timout,LSI_VALUE,MCO1PinFreq_Value,RC64MPLLSource,RTCClockSelection,RTCFreq_Value,SYSCLK64Divider,SysCLKFreq_VALUE
RCC.LPUARTFreq_VALUE=16000000
RCC.LSCOPinFreq_Value=32000
RCC.LSE_Drive_Capability=RCC_LSEDRIVE_MEDIUMLOW
RCC.LSE_Timout=100
RCC.LSI_VALUE=32000
RCC.MCO1PinFreq_Value=32000000
RCC.RC64MPLLSource=RCC_LSCOSOURCE_PLL64
RCC.RTCClockSelection=RCC_RTC_WDG_BLEWKUP_CLKSOURCE_LSE
RCC.RTCFreq_Value=32768
RCC.SYSCLK64Divider=RCC_RC64MPLL_DIV2
RCC.SysCLKFreq_VALUE=64000000
RF1.Mode=RF1_Activate
RF1.Signal=RADIO_RF1
STM32_BLE.AD_TYPE_COMPLETE_LOCAL_NAME=SC_XX
STM32_BLE.AD_TYPE_COMPLETE_LOCAL_NAME_LENGTH=6
STM32_BLE.AD_TYPE_MANUFACTURER_DATA_NBR=12
STM32_BLE.AD_TYPE_MANUFACTURER_SPECIFIC_DATA_COMPANY_IDENTIFIER=30,00
STM32_BLE.BSP.number=1
STM32_BLE.CFG_BD_ADDRESS_TYPE=HCI_ADDR_STATIC_RANDOM_ADDR
STM32_BLE.CFG_BLE_COC_MPS_MAX=247
STM32_BLE.CFG_BLE_COC_NBR_MAX=5
STM32_BLE.CFG_BLE_CONNECTION_ENABLED=1
STM32_BLE.CFG_BLE_CONN_EVENT_LENGTH_MAX=4294967295
STM32_BLE.CFG_BLE_CONN_EVENT_LENGTH_MAX_HEXA=0xFFFFFFFF
STM32_BLE.CFG_BLE_CONTROLLER_2M_CODED_PHY_ENABLED=0
STM32_BLE.CFG_BLE_FILTER_ACCEPT_LIST_SIZE_LOG2=3
STM32_BLE.CFG_BLE_L2CAP_COS_ENABLED=1
STM32_BLE.CFG_BLE_MBLOCK_COUNT_MARGIN=0
STM32_BLE.CFG_BLE_NUM_ADV_SETS=1
STM32_BLE.CFG_BLE_NUM_AUX_SCAN_SLOTS=0
STM32_BLE.CFG_BLE_NUM_BRC_BIG_MAX=1
STM32_BLE.CFG_BLE_NUM_BRC_BIS_MAX=2
STM32_BLE.CFG_BLE_NUM_CIG_MAX=2
STM32_BLE.CFG_BLE_NUM_CIS_MAX=2
STM32_BLE.CFG_BLE_NUM_EATT_CHANNELS=5
STM32_BLE.CFG_BLE_NUM_GATT_ATTRIBUTES=6
STM32_BLE.CFG_BLE_NUM_OF_CONCURRENT_GATT_CLIENT_PROC=2
STM32_BLE.CFG_BLE_NUM_SYNC_BIG_MAX=1
STM32_BLE.CFG_BLE_NUM_SYNC_BIS_MAX=2
STM32_BLE.CFG_BLE_NUM_SYNC_SLOTS=0
STM32_BLE.CFG_BLE_SECURE_CONNECTIONS_ENABLED=1
STM32_BLE.CFG_BONDING_MODE=1
STM32_BLE.CFG_DEBUG_APP_TRACE=1
STM32_BLE.CFG_GAP_DEVICE_NAME=Serial Com Peripheral
STM32_BLE.CFG_GAP_DEVICE_NAME_LENGTH=21
STM32_BLE.CFG_LPM_SUPPORTED=0
STM32_BLE.CFG_MITM_PROTECTION=GAP_MITM_PROTECTION_REQUIRED
STM32_BLE.CFG_PUBLIC_BD_ADDRESS=0x0280E1AAABAC
STM32_BLE.CFG_USED_FIXED_PIN=1
STM32_BLE.INCLUDE_AD_TYPE_COMPLETE_LOCAL_NAME=1
STM32_BLE.INCLUDE_AD_TYPE_MANUFACTURER_SPECIFIC_DATA=1
STM32_BLE.IPParameters=NUMBER_OF_SERVICES,CFG_PUBLIC_BD_ADDRESS,CFG_BD_ADDRESS_TYPE,CFG_BONDING_MODE,CFG_GAP_DEVICE_NAME,CFG_GAP_DEVICE_NAME_LENGTH,CFG_BLE_NUM_GATT_ATTRIBUTES,CFG_BLE_NUM_OF_CONCURRENT_GATT_CLIENT_PROC,CFG_BLE_COC_MPS_MAX,CFG_BLE_NUM_ADV_SETS,CFG_BLE_NUM_SYNC_BIG_MAX,CFG_BLE_NUM_SYNC_BIS_MAX,CFG_BLE_NUM_BRC_BIG_MAX,CFG_BLE_NUM_BRC_BIS_MAX,CFG_BLE_SECURE_CONNECTIONS_ENABLED,CFG_BLE_CONTROLLER_2M_CODED_PHY_ENABLED,CFG_LPM_SUPPORTED,CFG_DEBUG_APP_TRACE,CFG_BLE_CONNECTION_ENABLED,INCLUDE_AD_TYPE_COMPLETE_LOCAL_NAME,AD_TYPE_COMPLETE_LOCAL_NAME,AD_TYPE_COMPLETE_LOCAL_NAME_LENGTH,INCLUDE_AD_TYPE_MANUFACTURER_SPECIFIC_DATA,AD_TYPE_MANUFACTURER_SPECIFIC_DATA_COMPANY_IDENTIFIER,AD_TYPE_MANUFACTURER_DATA_NBR,CFG_BLE_CONN_EVENT_LENGTH_MAX,CFG_BLE_CONN_EVENT_LENGTH_MAX_HEXA,CFG_MITM_PROTECTION,CFG_BLE_NUM_AUX_SCAN_SLOTS,CFG_BLE_FILTER_ACCEPT_LIST_SIZE_LOG2,CFG_USED_FIXED_PIN,CFG_BLE_MBLOCK_COUNT_MARGIN,CFG_BLE_COC_NBR_MAX,CFG_BLE_NUM_EATT_CHANNELS,CFG_BLE_L2CAP_COS_ENABLED,CFG_BLE_NUM_CIG_MAX,CFG_BLE_NUM_CIS_MAX,CFG_BLE_NUM_SYNC_SLOTS
STM32_BLE.NUMBER_OF_SERVICES=0
STM32_BLE0.BSP.STBoard=false
STM32_BLE0.BSP.api=Unknown
STM32_BLE0.BSP.component=
STM32_BLE0.BSP.condition=
STM32_BLE0.BSP.instance=USART1
STM32_BLE0.BSP.ip=(LPU|US)ART
STM32_BLE0.BSP.mode=Asynchronous
STM32_BLE0.BSP.name=Serial Link for Traces
STM32_BLE0.BSP.semaphore=
STM32_BLE0.BSP.solution=USART1
USART1.IPParameters=VirtualMode-Asynchronous
USART1.VirtualMode-Asynchronous=VM_ASYNC
VP_ADV_TRACE_VS_ADV_TRACE.Mode=ADV_TRACE_Enabled
VP_ADV_TRACE_VS_ADV_TRACE.Signal=ADV_TRACE_VS_ADV_TRACE
VP_COMMON_BLE_VS_Utility_Common_BLE_1.0.0_1.0.0.Mode=Utility_Common
VP_COMMON_BLE_VS_Utility_Common_BLE_1.0.0_1.0.0.Signal=COMMON_BLE_VS_Utility_Common_BLE_1.0.0_1.0.0
VP_MEMORYMAP_VS_MEMORYMAP.Mode=CurAppReg
VP_MEMORYMAP_VS_MEMORYMAP.Signal=MEMORYMAP_VS_MEMORYMAP
VP_MISC_VS_MISC.Mode=MISC_Enabled
VP_MISC_VS_MISC.Signal=MISC_VS_MISC
VP_PKA_VS_PKA.Mode=PKA_Activate
VP_PKA_VS_PKA.Signal=PKA_VS_PKA
VP_PWR_VS_SECSignals.Mode=Security/Privilege
VP_PWR_VS_SECSignals.Signal=PWR_VS_SECSignals
VP_RADIO_TIMER_VS_RADIO.Mode=RADIO_Activate
VP_RADIO_TIMER_VS_RADIO.Signal=RADIO_TIMER_VS_RADIO
VP_RNG_VS_RNG.Mode=RNG_Activate
VP_RNG_VS_RNG.Signal=RNG_VS_RNG
VP_SEQUENCER_VS_SEQUENCER.Mode=SEQUENCER_Enabled
VP_SEQUENCER_VS_SEQUENCER.Signal=SEQUENCER_VS_SEQUENCER
VP_STM32_BLE_VS_BLE_HOST_SP.Mode=BLE_Server
VP_STM32_BLE_VS_BLE_HOST_SP.Signal=STM32_BLE_VS_BLE_HOST_SP
VP_SYS_VS_Systick.Mode=SysTick
VP_SYS_VS_Systick.Signal=SYS_VS_Systick
VP_TINY_LPM_VS_TINY_LPM.Mode=TINY_LPM_Enabled
VP_TINY_LPM_VS_TINY_LPM.Signal=TINY_LPM_VS_TINY_LPM
board=custom
