#MicroXplorer Configuration settings - do not modify
CAD.formats=
CAD.pinconfig=
CAD.provider=
Dma.Request0=USART1_TX
Dma.Request1=USART1_RX
Dma.RequestsNb=2
Dma.USART1_RX.1.Direction=DMA_PERIPH_TO_MEMORY
Dma.USART1_RX.1.EventEnable=DISABLE
Dma.USART1_RX.1.FIFOMode=DMA_FIFOMODE_DISABLE
Dma.USART1_RX.1.Instance=DMA1_Channel2
Dma.USART1_RX.1.MDMA_Chaining=ENABLE
Dma.USART1_RX.1.Mandatory=DISABLE
Dma.USART1_RX.1.MemDataAlignment=DMA_MDATAALIGN_BYTE
Dma.USART1_RX.1.MemInc=DMA_MINC_ENABLE
Dma.USART1_RX.1.Mode=DMA_CIRCULAR
Dma.USART1_RX.1.PeriphDataAlignment=DMA_PDATAALIGN_BYTE
Dma.USART1_RX.1.PeriphInc=DMA_PINC_DISABLE
Dma.USART1_RX.1.Priority=DMA_PRIORITY_HIGH
Dma.USART1_RX.1.RequestParameters=Instance,Direction,PeriphInc,MemInc,PeriphDataAlignment,MemDataAlignment,Mode,Priority,FIFOMode,SignalID,SyncEnable,EventEnable,SyncRequestNumber,MDMA_Chaining,Mandatory
Dma.USART1_RX.1.SignalID=NONE
Dma.USART1_RX.1.SyncEnable=DISABLE
Dma.USART1_RX.1.SyncRequestNumber=1
Dma.USART1_TX.0.Direction=DMA_MEMORY_TO_PERIPH
Dma.USART1_TX.0.EventEnable=DISABLE
Dma.USART1_TX.0.FIFOMode=DMA_FIFOMODE_DISABLE
Dma.USART1_TX.0.Instance=DMA1_Channel1
Dma.USART1_TX.0.MDMA_Chaining=ENABLE
Dma.USART1_TX.0.Mandatory=DISABLE
Dma.USART1_TX.0.MemDataAlignment=DMA_MDATAALIGN_BYTE
Dma.USART1_TX.0.MemInc=DMA_MINC_ENABLE
Dma.USART1_TX.0.Mode=DMA_NORMAL
Dma.USART1_TX.0.PeriphDataAlignment=DMA_PDATAALIGN_BYTE
Dma.USART1_TX.0.PeriphInc=DMA_PINC_DISABLE
Dma.USART1_TX.0.Priority=DMA_PRIORITY_HIGH
Dma.USART1_TX.0.RequestParameters=Instance,Direction,PeriphInc,MemInc,PeriphDataAlignment,MemDataAlignment,Mode,Priority,FIFOMode,SignalID,SyncEnable,EventEnable,SyncRequestNumber,MDMA_Chaining,Mandatory
Dma.USART1_TX.0.SignalID=NONE
Dma.USART1_TX.0.SyncEnable=DISABLE
Dma.USART1_TX.0.SyncRequestNumber=1
File.Version=6
GPIO.groupedBy=
KeepUserPlacement=false
MMTAppRegionsCount=0
MMTConfigApplied=false
Mcu.CPN=STM32WB05KZV6TR
Mcu.Family=STM32WB0
Mcu.IP0=ADV_TRACE
Mcu.IP1=COMMON_BLE
Mcu.IP10=RADIO_TIMER
Mcu.IP11=RCC
Mcu.IP12=RNG
Mcu.IP13=SEQUENCER
Mcu.IP14=STM32_BLE
Mcu.IP15=SYS
Mcu.IP16=TINY_LPM
Mcu.IP17=USART1
Mcu.IP2=CORTEX_M0+
Mcu.IP3=DMA
Mcu.IP4=MEMORYMAP
Mcu.IP5=MISC
Mcu.IP6=NVIC
Mcu.IP7=PKA
Mcu.IP8=PWR
Mcu.IP9=RADIO
Mcu.IPNb=18
Mcu.Name=STM32WB05KZVx
Mcu.Package=VFQFPN32
Mcu.Pin0=PB0
Mcu.Pin1=PA1
Mcu.Pin10=VP_PKA_VS_PKA
Mcu.Pin11=VP_PWR_VS_SECSignals
Mcu.Pin12=VP_RADIO_TIMER_VS_RADIO
Mcu.Pin13=VP_RNG_VS_RNG
Mcu.Pin14=VP_SEQUENCER_VS_SEQUENCER
Mcu.Pin15=VP_STM32_BLE_VS_BLE_HOST_TMCO
Mcu.Pin16=VP_SYS_VS_Systick
Mcu.Pin17=VP_TINY_LPM_VS_TINY_LPM
Mcu.Pin18=VP_MEMORYMAP_VS_MEMORYMAP
Mcu.Pin2=RF1
Mcu.Pin3=OSCOUT
Mcu.Pin4=OSCIN
Mcu.Pin5=PB13
Mcu.Pin6=PB12
Mcu.Pin7=VP_ADV_TRACE_VS_ADV_TRACE
Mcu.Pin8=VP_COMMON_BLE_VS_Utility_Common_BLE_1.0.0_1.0.0
Mcu.Pin9=VP_MISC_VS_MISC
Mcu.PinsNb=19
Mcu.ThirdPartyNb=0
Mcu.UserConstants=
Mcu.UserName=STM32WB05KZVx
MxCube.Version=6.13.0
MxDb.Version=DB.6.0.130
NVIC.DMA_IRQn=true\:2\:0\:true\:false\:true\:false\:true\:true
NVIC.ForceEnableDMAVector=true
NVIC.HardFault_IRQn=true\:0\:0\:false\:false\:true\:false\:false\:false
NVIC.NonMaskableInt_IRQn=true\:0\:0\:false\:false\:true\:false\:false\:false
NVIC.PKA_IRQn=true\:1\:0\:true\:false\:true\:true\:true\:true
NVIC.PendSV_IRQn=true\:0\:0\:false\:false\:true\:false\:false\:false
NVIC.RADIO_TIMER_CPU_WKUP_IRQn=true\:0\:0\:false\:false\:true\:false\:true\:true
NVIC.RADIO_TIMER_ERROR_IRQn=true\:0\:0\:false\:false\:true\:false\:true\:true
NVIC.RADIO_TXRX_IRQn=true\:0\:0\:false\:false\:true\:false\:true\:true
NVIC.RADIO_TXRX_SEQ_IRQn=true\:0\:0\:false\:false\:true\:false\:true\:true
NVIC.SVCall_IRQn=true\:0\:0\:false\:false\:true\:false\:false\:false
NVIC.SysTick_IRQn=true\:3\:0\:false\:false\:true\:false\:true\:false
NVIC.USART1_IRQn=true\:2\:0\:true\:false\:true\:true\:true\:true
OSCIN.Mode=HSE-External-Oscillator
OSCIN.Signal=RCC_OSC_IN
OSCOUT.Mode=HSE-External-Oscillator
OSCOUT.Signal=RCC_OSC_OUT
PA1.Mode=Asynchronous
PA1.Signal=USART1_TX
PB0.Mode=Asynchronous
PB0.Signal=USART1_RX
PB12.Mode=LSE-External-Oscillator
PB12.Signal=RCC_OSC32_OUT
PB13.Mode=LSE-External-Oscillator
PB13.Signal=RCC_OSC32_IN
PWR.IPParameters=PWR_APC
PWR.PWR_APC=1
PinOutPanel.RotationAngle=0
ProjectManager.AskForMigrate=true
ProjectManager.BackupPrevious=false
ProjectManager.CompilerOptimize=6
ProjectManager.ComputerToolchain=false
ProjectManager.CoupleFile=false
ProjectManager.DeletePrevious=true
ProjectManager.DeviceId=STM32WB05KZVx
ProjectManager.Example=BLE_TransparentMode_C_O
ProjectManager.ExampleSource=CubeFw
ProjectManager.FreePins=false
ProjectManager.HalAssertFull=false
ProjectManager.HeapSize=0x000
ProjectManager.KeepUserCode=true
ProjectManager.LastFirmware=true
ProjectManager.LibraryCopy=2
ProjectManager.MainLocation=Core/Src
ProjectManager.NoMain=false
ProjectManager.PreviousToolchain=
ProjectManager.ProjectBuild=false
ProjectManager.ProjectFileName=BLE_TransparentMode_C_O.ioc
ProjectManager.ProjectName=BLE_TransparentMode_C_O
ProjectManager.ProjectStructure=
ProjectManager.RegisterCallBack=
ProjectManager.StackSize=0xC00
ProjectManager.TargetToolchain=EWARM V9.30
ProjectManager.ToolChainLocation=
ProjectManager.UAScriptAfterPath=
ProjectManager.UAScriptBeforePath=
ProjectManager.UnderRoot=false
ProjectManager.functionlistsort=1-SystemClock_Config-RCC-false-HAL-false,2-MX_GPIO_Init-GPIO-false-HAL-true,3-MX_DMA_Init-DMA-false-HAL-true,4-MX_RADIO_Init-RADIO-false-HAL-true,5-MX_RADIO_TIMER_Init-RADIO_TIMER-false-HAL-true,false-6-MX_RNG_Init-RNG-false-HAL-true,7-APPE_Init-STM32_BLE-false-HAL-false,8-MX_USART1_UART_Init-USART1-false-HAL-true,9-MX_PKA_Init-PKA-false-HAL-true,0-MX_PWR_Init-PWR-false-HAL-true,0-MX_CORTEX_M0+_Init-CORTEX_M0+-false-HAL-true
RADIO.CFG_NUM_RADIO_TASKS=6
RADIO.IPParameters=CFG_NUM_RADIO_TASKS
RADIO_TIMER.IPParameters=enableInitialCalibration,periodicCalibrationInterval
RADIO_TIMER.enableInitialCalibration=FALSE
RADIO_TIMER.periodicCalibrationInterval=0
RCC.BLEFreq_VALUE=16000000
RCC.BLEMultSource=RCC_RF_CLK_16M
RCC.CLKI2S3Freq_VALUE=64000000
RCC.CLKSYSFreq_VALUE=64000000
RCC.ClkSMPSFreq_VALUE=4000000
RCC.FamilyName=M
RCC.HSE_VALUE=32000000
RCC.HSI_VALUE=64000000
RCC.IPParameters=BLEFreq_VALUE,BLEMultSource,CLKI2S3Freq_VALUE,CLKSYSFreq_VALUE,ClkSMPSFreq_VALUE,FamilyName,HSE_VALUE,HSI_VALUE,LPUARTFreq_VALUE,LSCOPinFreq_Value,LSE_Drive_Capability,LSE_Timout,LSI_VALUE,MCO1PinFreq_Value,RC64MPLLSource,RTCClockSelection,RTCFreq_Value,SysCLKFreq_VALUE
RCC.LPUARTFreq_VALUE=16000000
RCC.LSCOPinFreq_Value=32000
RCC.LSE_Drive_Capability=RCC_LSEDRIVE_MEDIUMLOW
RCC.LSE_Timout=100
RCC.LSI_VALUE=32000
RCC.MCO1PinFreq_Value=64000000
RCC.RC64MPLLSource=RCC_LSCOSOURCE_PLL64
RCC.RTCClockSelection=RCC_RTC_WDG_BLEWKUP_CLKSOURCE_LSE
RCC.RTCFreq_Value=32768
RCC.SysCLKFreq_VALUE=64000000
RF1.Mode=RF1_Activate
RF1.Signal=RADIO_RF1
STM32_BLE.BSP.number=1
STM32_BLE.CFG_BLE_ADV_NWK_BUFFER_SIZE=512
STM32_BLE.CFG_BLE_ATT_MTU_MAX=160
STM32_BLE.CFG_BLE_ATT_QUEUED_WRITE_SIZE=0
STM32_BLE.CFG_BLE_COC_MPS_MAX=160
STM32_BLE.CFG_BLE_CONNECTION_SUBRATING_ENABLED=1
STM32_BLE.CFG_BLE_CONTROLLER_CHAN_CLASS_ENABLED=1
STM32_BLE.CFG_BLE_CONTROLLER_EXT_ADV_SCAN_ENABLED=1
STM32_BLE.CFG_BLE_CONTROLLER_PERIODIC_ADV_ENABLED=1
STM32_BLE.CFG_BLE_CONTROLLER_PERIODIC_ADV_WR_ENABLED=0
STM32_BLE.CFG_BLE_CONTROLLER_POWER_CONTROL_ENABLED=1
STM32_BLE.CFG_BLE_GATT_NWK_BUFFER_SIZE=256
STM32_BLE.CFG_BLE_MBLOCK_COUNT_MARGIN=10
STM32_BLE.CFG_BLE_NUM_AUX_SCAN_SLOTS=1
STM32_BLE.CFG_BLE_NUM_OF_CONCURRENT_GATT_CLIENT_PROC=6
STM32_BLE.CFG_BLE_NUM_PAWR_SUBEVENTS=1
STM32_BLE.CFG_BLE_NUM_SYNC_SLOTS=2
STM32_BLE.CFG_BLE_PAWR_SUBEVENT_DATA_COUNT_MAX=1
STM32_BLE.CFG_BLE_SECURE_CONNECTIONS_ENABLED=0
STM32_BLE.IPParameters=CFG_BLE_ATT_MTU_MAX,CFG_BLE_NUM_OF_CONCURRENT_GATT_CLIENT_PROC,CFG_BLE_MBLOCK_COUNT_MARGIN,CFG_BLE_NUM_PAWR_SUBEVENTS,CFG_BLE_PAWR_SUBEVENT_DATA_COUNT_MAX,CFG_BLE_NUM_AUX_SCAN_SLOTS,CFG_BLE_NUM_SYNC_SLOTS,CFG_BLE_ATT_QUEUED_WRITE_SIZE,CFG_BLE_ADV_NWK_BUFFER_SIZE,CFG_BLE_GATT_NWK_BUFFER_SIZE,CFG_BLE_COC_MPS_MAX,CFG_BLE_SECURE_CONNECTIONS_ENABLED,CFG_BLE_CONTROLLER_EXT_ADV_SCAN_ENABLED,CFG_BLE_CONTROLLER_PERIODIC_ADV_ENABLED,CFG_BLE_CONTROLLER_PERIODIC_ADV_WR_ENABLED,CFG_BLE_CONNECTION_SUBRATING_ENABLED,CFG_BLE_CONTROLLER_CHAN_CLASS_ENABLED,CFG_BLE_CONTROLLER_POWER_CONTROL_ENABLED
STM32_BLE0.BSP.STBoard=false
STM32_BLE0.BSP.api=Unknown
STM32_BLE0.BSP.component=
STM32_BLE0.BSP.condition=
STM32_BLE0.BSP.instance=USART1
STM32_BLE0.BSP.ip=(LPU|US)ART
STM32_BLE0.BSP.mode=Asynchronous
STM32_BLE0.BSP.name=Serial Link for Traces
STM32_BLE0.BSP.semaphore=
STM32_BLE0.BSP.solution=USART1
USART1.BaudRate=921600
USART1.FIFOMode=FIFOMODE_ENABLE
USART1.IPParameters=VirtualMode-Asynchronous,FIFOMode,BaudRate
USART1.VirtualMode-Asynchronous=VM_ASYNC
VP_ADV_TRACE_VS_ADV_TRACE.Mode=ADV_TRACE_Enabled
VP_ADV_TRACE_VS_ADV_TRACE.Signal=ADV_TRACE_VS_ADV_TRACE
VP_COMMON_BLE_VS_Utility_Common_BLE_1.0.0_1.0.0.Mode=Utility_Common
VP_COMMON_BLE_VS_Utility_Common_BLE_1.0.0_1.0.0.Signal=COMMON_BLE_VS_Utility_Common_BLE_1.0.0_1.0.0
VP_MEMORYMAP_VS_MEMORYMAP.Mode=CurAppReg
VP_MEMORYMAP_VS_MEMORYMAP.Signal=MEMORYMAP_VS_MEMORYMAP
VP_MISC_VS_MISC.Mode=MISC_Enabled
VP_MISC_VS_MISC.Signal=MISC_VS_MISC
VP_PKA_VS_PKA.Mode=PKA_Activate
VP_PKA_VS_PKA.Signal=PKA_VS_PKA
VP_PWR_VS_SECSignals.Mode=Security/Privilege
VP_PWR_VS_SECSignals.Signal=PWR_VS_SECSignals
VP_RADIO_TIMER_VS_RADIO.Mode=RADIO_Activate
VP_RADIO_TIMER_VS_RADIO.Signal=RADIO_TIMER_VS_RADIO
VP_RNG_VS_RNG.Mode=RNG_Activate
VP_RNG_VS_RNG.Signal=RNG_VS_RNG
VP_SEQUENCER_VS_SEQUENCER.Mode=SEQUENCER_Enabled
VP_SEQUENCER_VS_SEQUENCER.Signal=SEQUENCER_VS_SEQUENCER
VP_STM32_BLE_VS_BLE_HOST_TMCO.Mode=BLE_TransparentMode_Controller_Only
VP_STM32_BLE_VS_BLE_HOST_TMCO.Signal=STM32_BLE_VS_BLE_HOST_TMCO
VP_SYS_VS_Systick.Mode=SysTick
VP_SYS_VS_Systick.Signal=SYS_VS_Systick
VP_TINY_LPM_VS_TINY_LPM.Mode=TINY_LPM_Enabled
VP_TINY_LPM_VS_TINY_LPM.Signal=TINY_LPM_VS_TINY_LPM
board=custom
